PODS:
  - Alamofire (5.4.3)
  - AlamofireImage (4.2.0):
    - Alamofire (~> 5.4)
  - SwiftyJSON (5.0.1)

DEPENDENCIES:
  - Alamofire (~> 5)
  - AlamofireImage (~> 4)
  - SwiftyJSON (~> 5)

SPEC REPOS:
  trunk:
    - Alamofire
    - AlamofireImage
    - SwiftyJSON

SPEC CHECKSUMS:
  Alamofire: e447a2774a40c996748296fa2c55112fdbbc42f9
  AlamofireImage: 34a2d90b0e5fe6a5605f85ae4b7b01e784c60192
  SwiftyJSON: 2f33a42c6fbc52764d96f13368585094bfd8aa5e

PODFILE CHECKSUM: 6535309b7788d2cf4aaa7f8af62911965647a7c5

COCOAPODS: 1.10.2
