// !$*UTF8*$!
{
	archiveVersion = 1;
	classes = {
	};
	objectVersion = 51;
	objects = {

/* Begin PBXBuildFile section */
		5926B58726C6296400CD9349 /* Alerts.swift in Sources */ = {isa = PBXBuildFile; fileRef = 5926B58626C6296300CD9349 /* Alerts.swift */; };
		5926B58F26C6C36F00CD9349 /* Date.swift in Sources */ = {isa = PBXBuildFile; fileRef = 5926B58E26C6C36F00CD9349 /* Date.swift */; };
		59472DAF26C29CCC00670DA4 /* AppDelegate.swift in Sources */ = {isa = PBXBuildFile; fileRef = 59472DAE26C29CCC00670DA4 /* AppDelegate.swift */; };
		59472DB126C29CCC00670DA4 /* SceneDelegate.swift in Sources */ = {isa = PBXBuildFile; fileRef = 59472DB026C29CCC00670DA4 /* SceneDelegate.swift */; };
		59472DB326C29CCC00670DA4 /* CharactersViewController.swift in Sources */ = {isa = PBXBuildFile; fileRef = 59472DB226C29CCC00670DA4 /* CharactersViewController.swift */; };
		59472DB626C29CCC00670DA4 /* Main.storyboard in Resources */ = {isa = PBXBuildFile; fileRef = 59472DB426C29CCC00670DA4 /* Main.storyboard */; };
		59472DB826C29CD000670DA4 /* Assets.xcassets in Resources */ = {isa = PBXBuildFile; fileRef = 59472DB726C29CD000670DA4 /* Assets.xcassets */; };
		59472DBB26C29CD000670DA4 /* LaunchScreen.storyboard in Resources */ = {isa = PBXBuildFile; fileRef = 59472DB926C29CD000670DA4 /* LaunchScreen.storyboard */; };
		59472DC626C29CD100670DA4 /* CharacterUnitTest.swift in Sources */ = {isa = PBXBuildFile; fileRef = 59472DC526C29CD100670DA4 /* CharacterUnitTest.swift */; };
		59472DD126C29CD100670DA4 /* UIUnitTest.swift in Sources */ = {isa = PBXBuildFile; fileRef = 59472DD026C29CD100670DA4 /* UIUnitTest.swift */; };
		59472DE226C37BA100670DA4 /* Character.swift in Sources */ = {isa = PBXBuildFile; fileRef = 59472DE126C37BA100670DA4 /* Character.swift */; };
		59472DE326C37BA100670DA4 /* Character.swift in Sources */ = {isa = PBXBuildFile; fileRef = 59472DE126C37BA100670DA4 /* Character.swift */; };
		59472DE526C37F0F00670DA4 /* Location.swift in Sources */ = {isa = PBXBuildFile; fileRef = 59472DE426C37F0F00670DA4 /* Location.swift */; };
		59472DE626C37F0F00670DA4 /* Location.swift in Sources */ = {isa = PBXBuildFile; fileRef = 59472DE426C37F0F00670DA4 /* Location.swift */; };
		59472DE926C41C0C00670DA4 /* LocationUnitTest.swift in Sources */ = {isa = PBXBuildFile; fileRef = 59472DE726C41C0C00670DA4 /* LocationUnitTest.swift */; };
		597F208E26C42482004F82AD /* APIManager.swift in Sources */ = {isa = PBXBuildFile; fileRef = 597F208D26C42482004F82AD /* APIManager.swift */; };
		597F209026C42522004F82AD /* CharacterAPIManager.swift in Sources */ = {isa = PBXBuildFile; fileRef = 597F208F26C42522004F82AD /* CharacterAPIManager.swift */; };
		597F209226C4352D004F82AD /* LocationAPIManager.swift in Sources */ = {isa = PBXBuildFile; fileRef = 597F209126C4352D004F82AD /* LocationAPIManager.swift */; };
		597F209426C43944004F82AD /* AssetsAPIManager.swift in Sources */ = {isa = PBXBuildFile; fileRef = 597F209326C43944004F82AD /* AssetsAPIManager.swift */; };
		597F209726C56687004F82AD /* CharacterCell.swift in Sources */ = {isa = PBXBuildFile; fileRef = 597F209626C56687004F82AD /* CharacterCell.swift */; };
		597F209B26C573BC004F82AD /* CharactersPresenter.swift in Sources */ = {isa = PBXBuildFile; fileRef = 597F209A26C573BC004F82AD /* CharactersPresenter.swift */; };
		83532F8A1BD63002400A5752 /* Pods_challenge_pd_rickmortyTests.framework in Frameworks */ = {isa = PBXBuildFile; fileRef = DE190401859333F9A784AF2B /* Pods_challenge_pd_rickmortyTests.framework */; };
		E6DCA23222E1C43CB4418980 /* Pods_challenge_pd_rickmorty.framework in Frameworks */ = {isa = PBXBuildFile; fileRef = 3F584B2F2B942D8CFAD3E8F8 /* Pods_challenge_pd_rickmorty.framework */; };
		F2E41A56BBC626BF99BEA836 /* Pods_challenge_pd_rickmorty_challenge_pd_rickmortyUITests.framework in Frameworks */ = {isa = PBXBuildFile; fileRef = 858164A8493A47030F533886 /* Pods_challenge_pd_rickmorty_challenge_pd_rickmortyUITests.framework */; };
/* End PBXBuildFile section */

/* Begin PBXContainerItemProxy section */
		59472DC226C29CD100670DA4 /* PBXContainerItemProxy */ = {
			isa = PBXContainerItemProxy;
			containerPortal = 59472DA326C29CCB00670DA4 /* Project object */;
			proxyType = 1;
			remoteGlobalIDString = 59472DAA26C29CCC00670DA4;
			remoteInfo = "challenge-pd-rickmorty";
		};
		59472DCD26C29CD100670DA4 /* PBXContainerItemProxy */ = {
			isa = PBXContainerItemProxy;
			containerPortal = 59472DA326C29CCB00670DA4 /* Project object */;
			proxyType = 1;
			remoteGlobalIDString = 59472DAA26C29CCC00670DA4;
			remoteInfo = "challenge-pd-rickmorty";
		};
/* End PBXContainerItemProxy section */

/* Begin PBXFileReference section */
		015F2003A20BFA741F1DC070 /* Pods-challenge-pd-rickmorty-challenge-pd-rickmortyUITests.release.xcconfig */ = {isa = PBXFileReference; includeInIndex = 1; lastKnownFileType = text.xcconfig; name = "Pods-challenge-pd-rickmorty-challenge-pd-rickmortyUITests.release.xcconfig"; path = "Target Support Files/Pods-challenge-pd-rickmorty-challenge-pd-rickmortyUITests/Pods-challenge-pd-rickmorty-challenge-pd-rickmortyUITests.release.xcconfig"; sourceTree = "<group>"; };
		19D922D33D565EA30E1FC9A7 /* Pods-challenge-pd-rickmorty.debug.xcconfig */ = {isa = PBXFileReference; includeInIndex = 1; lastKnownFileType = text.xcconfig; name = "Pods-challenge-pd-rickmorty.debug.xcconfig"; path = "Target Support Files/Pods-challenge-pd-rickmorty/Pods-challenge-pd-rickmorty.debug.xcconfig"; sourceTree = "<group>"; };
		25C98D0CEAF681D53239DB1C /* Pods-challenge-pd-rickmorty.release.xcconfig */ = {isa = PBXFileReference; includeInIndex = 1; lastKnownFileType = text.xcconfig; name = "Pods-challenge-pd-rickmorty.release.xcconfig"; path = "Target Support Files/Pods-challenge-pd-rickmorty/Pods-challenge-pd-rickmorty.release.xcconfig"; sourceTree = "<group>"; };
		334ECCBE7A95E9E31510B886 /* Pods-challenge-pd-rickmortyTests.debug.xcconfig */ = {isa = PBXFileReference; includeInIndex = 1; lastKnownFileType = text.xcconfig; name = "Pods-challenge-pd-rickmortyTests.debug.xcconfig"; path = "Target Support Files/Pods-challenge-pd-rickmortyTests/Pods-challenge-pd-rickmortyTests.debug.xcconfig"; sourceTree = "<group>"; };
		3F584B2F2B942D8CFAD3E8F8 /* Pods_challenge_pd_rickmorty.framework */ = {isa = PBXFileReference; explicitFileType = wrapper.framework; includeInIndex = 0; path = Pods_challenge_pd_rickmorty.framework; sourceTree = BUILT_PRODUCTS_DIR; };
		5926B58626C6296300CD9349 /* Alerts.swift */ = {isa = PBXFileReference; lastKnownFileType = sourcecode.swift; path = Alerts.swift; sourceTree = "<group>"; };
		5926B58E26C6C36F00CD9349 /* Date.swift */ = {isa = PBXFileReference; lastKnownFileType = sourcecode.swift; path = Date.swift; sourceTree = "<group>"; };
		59472DAB26C29CCC00670DA4 /* challenge-pd-rickmorty.app */ = {isa = PBXFileReference; explicitFileType = wrapper.application; includeInIndex = 0; path = "challenge-pd-rickmorty.app"; sourceTree = BUILT_PRODUCTS_DIR; };
		59472DAE26C29CCC00670DA4 /* AppDelegate.swift */ = {isa = PBXFileReference; lastKnownFileType = sourcecode.swift; path = AppDelegate.swift; sourceTree = "<group>"; };
		59472DB026C29CCC00670DA4 /* SceneDelegate.swift */ = {isa = PBXFileReference; lastKnownFileType = sourcecode.swift; path = SceneDelegate.swift; sourceTree = "<group>"; };
		59472DB226C29CCC00670DA4 /* CharactersViewController.swift */ = {isa = PBXFileReference; lastKnownFileType = sourcecode.swift; path = CharactersViewController.swift; sourceTree = "<group>"; };
		59472DB526C29CCC00670DA4 /* Base */ = {isa = PBXFileReference; lastKnownFileType = file.storyboard; name = Base; path = Base.lproj/Main.storyboard; sourceTree = "<group>"; };
		59472DB726C29CD000670DA4 /* Assets.xcassets */ = {isa = PBXFileReference; lastKnownFileType = folder.assetcatalog; path = Assets.xcassets; sourceTree = "<group>"; };
		59472DBA26C29CD000670DA4 /* Base */ = {isa = PBXFileReference; lastKnownFileType = file.storyboard; name = Base; path = Base.lproj/LaunchScreen.storyboard; sourceTree = "<group>"; };
		59472DBC26C29CD000670DA4 /* Info.plist */ = {isa = PBXFileReference; lastKnownFileType = text.plist.xml; path = Info.plist; sourceTree = "<group>"; };
		59472DC126C29CD100670DA4 /* challenge-pd-rickmortyTests.xctest */ = {isa = PBXFileReference; explicitFileType = wrapper.cfbundle; includeInIndex = 0; path = "challenge-pd-rickmortyTests.xctest"; sourceTree = BUILT_PRODUCTS_DIR; };
		59472DC526C29CD100670DA4 /* CharacterUnitTest.swift */ = {isa = PBXFileReference; lastKnownFileType = sourcecode.swift; path = CharacterUnitTest.swift; sourceTree = "<group>"; };
		59472DC726C29CD100670DA4 /* Info.plist */ = {isa = PBXFileReference; lastKnownFileType = text.plist.xml; path = Info.plist; sourceTree = "<group>"; };
		59472DCC26C29CD100670DA4 /* challenge-pd-rickmortyUITests.xctest */ = {isa = PBXFileReference; explicitFileType = wrapper.cfbundle; includeInIndex = 0; path = "challenge-pd-rickmortyUITests.xctest"; sourceTree = BUILT_PRODUCTS_DIR; };
		59472DD026C29CD100670DA4 /* UIUnitTest.swift */ = {isa = PBXFileReference; lastKnownFileType = sourcecode.swift; path = UIUnitTest.swift; sourceTree = "<group>"; };
		59472DD226C29CD100670DA4 /* Info.plist */ = {isa = PBXFileReference; lastKnownFileType = text.plist.xml; path = Info.plist; sourceTree = "<group>"; };
		59472DE126C37BA100670DA4 /* Character.swift */ = {isa = PBXFileReference; lastKnownFileType = sourcecode.swift; path = Character.swift; sourceTree = "<group>"; };
		59472DE426C37F0F00670DA4 /* Location.swift */ = {isa = PBXFileReference; lastKnownFileType = sourcecode.swift; path = Location.swift; sourceTree = "<group>"; };
		59472DE726C41C0C00670DA4 /* LocationUnitTest.swift */ = {isa = PBXFileReference; lastKnownFileType = sourcecode.swift; path = LocationUnitTest.swift; sourceTree = "<group>"; };
		597F208D26C42482004F82AD /* APIManager.swift */ = {isa = PBXFileReference; lastKnownFileType = sourcecode.swift; path = APIManager.swift; sourceTree = "<group>"; };
		597F208F26C42522004F82AD /* CharacterAPIManager.swift */ = {isa = PBXFileReference; lastKnownFileType = sourcecode.swift; path = CharacterAPIManager.swift; sourceTree = "<group>"; };
		597F209126C4352D004F82AD /* LocationAPIManager.swift */ = {isa = PBXFileReference; lastKnownFileType = sourcecode.swift; path = LocationAPIManager.swift; sourceTree = "<group>"; };
		597F209326C43944004F82AD /* AssetsAPIManager.swift */ = {isa = PBXFileReference; lastKnownFileType = sourcecode.swift; path = AssetsAPIManager.swift; sourceTree = "<group>"; };
		597F209626C56687004F82AD /* CharacterCell.swift */ = {isa = PBXFileReference; lastKnownFileType = sourcecode.swift; path = CharacterCell.swift; sourceTree = "<group>"; };
		597F209A26C573BC004F82AD /* CharactersPresenter.swift */ = {isa = PBXFileReference; lastKnownFileType = sourcecode.swift; path = CharactersPresenter.swift; sourceTree = "<group>"; };
		858164A8493A47030F533886 /* Pods_challenge_pd_rickmorty_challenge_pd_rickmortyUITests.framework */ = {isa = PBXFileReference; explicitFileType = wrapper.framework; includeInIndex = 0; path = Pods_challenge_pd_rickmorty_challenge_pd_rickmortyUITests.framework; sourceTree = BUILT_PRODUCTS_DIR; };
		9D4C6EB601220EADA6AC734D /* Pods-challenge-pd-rickmorty-challenge-pd-rickmortyUITests.debug.xcconfig */ = {isa = PBXFileReference; includeInIndex = 1; lastKnownFileType = text.xcconfig; name = "Pods-challenge-pd-rickmorty-challenge-pd-rickmortyUITests.debug.xcconfig"; path = "Target Support Files/Pods-challenge-pd-rickmorty-challenge-pd-rickmortyUITests/Pods-challenge-pd-rickmorty-challenge-pd-rickmortyUITests.debug.xcconfig"; sourceTree = "<group>"; };
		DE190401859333F9A784AF2B /* Pods_challenge_pd_rickmortyTests.framework */ = {isa = PBXFileReference; explicitFileType = wrapper.framework; includeInIndex = 0; path = Pods_challenge_pd_rickmortyTests.framework; sourceTree = BUILT_PRODUCTS_DIR; };
		DE78D61B2B25AC565FB62ED2 /* Pods-challenge-pd-rickmortyTests.release.xcconfig */ = {isa = PBXFileReference; includeInIndex = 1; lastKnownFileType = text.xcconfig; name = "Pods-challenge-pd-rickmortyTests.release.xcconfig"; path = "Target Support Files/Pods-challenge-pd-rickmortyTests/Pods-challenge-pd-rickmortyTests.release.xcconfig"; sourceTree = "<group>"; };
/* End PBXFileReference section */

/* Begin PBXFrameworksBuildPhase section */
		59472DA826C29CCC00670DA4 /* Frameworks */ = {
			isa = PBXFrameworksBuildPhase;
			buildActionMask = 2147483647;
			files = (
				E6DCA23222E1C43CB4418980 /* Pods_challenge_pd_rickmorty.framework in Frameworks */,
			);
			runOnlyForDeploymentPostprocessing = 0;
		};
		59472DBE26C29CD100670DA4 /* Frameworks */ = {
			isa = PBXFrameworksBuildPhase;
			buildActionMask = 2147483647;
			files = (
				83532F8A1BD63002400A5752 /* Pods_challenge_pd_rickmortyTests.framework in Frameworks */,
			);
			runOnlyForDeploymentPostprocessing = 0;
		};
		59472DC926C29CD100670DA4 /* Frameworks */ = {
			isa = PBXFrameworksBuildPhase;
			buildActionMask = 2147483647;
			files = (
				F2E41A56BBC626BF99BEA836 /* Pods_challenge_pd_rickmorty_challenge_pd_rickmortyUITests.framework in Frameworks */,
			);
			runOnlyForDeploymentPostprocessing = 0;
		};
/* End PBXFrameworksBuildPhase section */

/* Begin PBXGroup section */
		5926B58526C6294A00CD9349 /* utils */ = {
			isa = PBXGroup;
			children = (
				5926B58626C6296300CD9349 /* Alerts.swift */,
			);
			path = utils;
			sourceTree = "<group>";
		};
		5926B58D26C6C35C00CD9349 /* extensions */ = {
			isa = PBXGroup;
			children = (
				5926B58E26C6C36F00CD9349 /* Date.swift */,
			);
			path = extensions;
			sourceTree = "<group>";
		};
		59472DA226C29CCB00670DA4 = {
			isa = PBXGroup;
			children = (
				59472DAD26C29CCC00670DA4 /* challenge-pd-rickmorty */,
				59472DC426C29CD100670DA4 /* challenge-pd-rickmortyTests */,
				59472DCF26C29CD100670DA4 /* challenge-pd-rickmortyUITests */,
				59472DAC26C29CCC00670DA4 /* Products */,
				DBB03CB0C1DB407B48538D4B /* Pods */,
				EC194B40513DBB984D49B735 /* Frameworks */,
			);
			sourceTree = "<group>";
		};
		59472DAC26C29CCC00670DA4 /* Products */ = {
			isa = PBXGroup;
			children = (
				59472DAB26C29CCC00670DA4 /* challenge-pd-rickmorty.app */,
				59472DC126C29CD100670DA4 /* challenge-pd-rickmortyTests.xctest */,
				59472DCC26C29CD100670DA4 /* challenge-pd-rickmortyUITests.xctest */,
			);
			name = Products;
			sourceTree = "<group>";
		};
		59472DAD26C29CCC00670DA4 /* challenge-pd-rickmorty */ = {
			isa = PBXGroup;
			children = (
				59472DBC26C29CD000670DA4 /* Info.plist */,
				59472DB726C29CD000670DA4 /* Assets.xcassets */,
				59472DB926C29CD000670DA4 /* LaunchScreen.storyboard */,
				59472DB426C29CCC00670DA4 /* Main.storyboard */,
				59472DAE26C29CCC00670DA4 /* AppDelegate.swift */,
				59472DB026C29CCC00670DA4 /* SceneDelegate.swift */,
				597F208C26C42464004F82AD /* api */,
				597F209526C5665B004F82AD /* cells */,
				597F209826C5738C004F82AD /* controllers */,
				5926B58D26C6C35C00CD9349 /* extensions */,
				59472DE026C37B7D00670DA4 /* model */,
				597F209926C57393004F82AD /* presenters */,
				5926B58526C6294A00CD9349 /* utils */,
			);
			path = "challenge-pd-rickmorty";
			sourceTree = "<group>";
		};
		59472DC426C29CD100670DA4 /* challenge-pd-rickmortyTests */ = {
			isa = PBXGroup;
			children = (
				59472DC726C29CD100670DA4 /* Info.plist */,
				59472DC526C29CD100670DA4 /* CharacterUnitTest.swift */,
				59472DE726C41C0C00670DA4 /* LocationUnitTest.swift */,
			);
			path = "challenge-pd-rickmortyTests";
			sourceTree = "<group>";
		};
		59472DCF26C29CD100670DA4 /* challenge-pd-rickmortyUITests */ = {
			isa = PBXGroup;
			children = (
				59472DD226C29CD100670DA4 /* Info.plist */,
				59472DD026C29CD100670DA4 /* UIUnitTest.swift */,
			);
			path = "challenge-pd-rickmortyUITests";
			sourceTree = "<group>";
		};
		59472DE026C37B7D00670DA4 /* model */ = {
			isa = PBXGroup;
			children = (
				59472DE126C37BA100670DA4 /* Character.swift */,
				59472DE426C37F0F00670DA4 /* Location.swift */,
			);
			path = model;
			sourceTree = "<group>";
		};
		597F208C26C42464004F82AD /* api */ = {
			isa = PBXGroup;
			children = (
				597F208D26C42482004F82AD /* APIManager.swift */,
				597F208F26C42522004F82AD /* CharacterAPIManager.swift */,
				597F209126C4352D004F82AD /* LocationAPIManager.swift */,
				597F209326C43944004F82AD /* AssetsAPIManager.swift */,
			);
			path = api;
			sourceTree = "<group>";
		};
		597F209526C5665B004F82AD /* cells */ = {
			isa = PBXGroup;
			children = (
				597F209626C56687004F82AD /* CharacterCell.swift */,
			);
			path = cells;
			sourceTree = "<group>";
		};
		597F209826C5738C004F82AD /* controllers */ = {
			isa = PBXGroup;
			children = (
				59472DB226C29CCC00670DA4 /* CharactersViewController.swift */,
			);
			path = controllers;
			sourceTree = "<group>";
		};
		597F209926C57393004F82AD /* presenters */ = {
			isa = PBXGroup;
			children = (
				597F209A26C573BC004F82AD /* CharactersPresenter.swift */,
			);
			path = presenters;
			sourceTree = "<group>";
		};
		DBB03CB0C1DB407B48538D4B /* Pods */ = {
			isa = PBXGroup;
			children = (
				19D922D33D565EA30E1FC9A7 /* Pods-challenge-pd-rickmorty.debug.xcconfig */,
				25C98D0CEAF681D53239DB1C /* Pods-challenge-pd-rickmorty.release.xcconfig */,
				9D4C6EB601220EADA6AC734D /* Pods-challenge-pd-rickmorty-challenge-pd-rickmortyUITests.debug.xcconfig */,
				015F2003A20BFA741F1DC070 /* Pods-challenge-pd-rickmorty-challenge-pd-rickmortyUITests.release.xcconfig */,
				334ECCBE7A95E9E31510B886 /* Pods-challenge-pd-rickmortyTests.debug.xcconfig */,
				DE78D61B2B25AC565FB62ED2 /* Pods-challenge-pd-rickmortyTests.release.xcconfig */,
			);
			path = Pods;
			sourceTree = "<group>";
		};
		EC194B40513DBB984D49B735 /* Frameworks */ = {
			isa = PBXGroup;
			children = (
				3F584B2F2B942D8CFAD3E8F8 /* Pods_challenge_pd_rickmorty.framework */,
				858164A8493A47030F533886 /* Pods_challenge_pd_rickmorty_challenge_pd_rickmortyUITests.framework */,
				DE190401859333F9A784AF2B /* Pods_challenge_pd_rickmortyTests.framework */,
			);
			name = Frameworks;
			sourceTree = "<group>";
		};
/* End PBXGroup section */

/* Begin PBXNativeTarget section */
		59472DAA26C29CCC00670DA4 /* challenge-pd-rickmorty */ = {
			isa = PBXNativeTarget;
			buildConfigurationList = 59472DD526C29CD100670DA4 /* Build configuration list for PBXNativeTarget "challenge-pd-rickmorty" */;
			buildPhases = (
				E61B6AEF8A7D5A1FCCC2322E /* [CP] Check Pods Manifest.lock */,
				59472DDE26C29D5200670DA4 /* Lint Code */,
				59472DA726C29CCC00670DA4 /* Sources */,
				59472DA826C29CCC00670DA4 /* Frameworks */,
				59472DA926C29CCC00670DA4 /* Resources */,
				59472DDF26C29EC200670DA4 /* Increase Build Number */,
				4842CCE58C9FFC1894E11C3C /* [CP] Embed Pods Frameworks */,
			);
			buildRules = (
			);
			dependencies = (
			);
			name = "challenge-pd-rickmorty";
			productName = "challenge-pd-rickmorty";
			productReference = 59472DAB26C29CCC00670DA4 /* challenge-pd-rickmorty.app */;
			productType = "com.apple.product-type.application";
		};
		59472DC026C29CD100670DA4 /* challenge-pd-rickmortyTests */ = {
			isa = PBXNativeTarget;
			buildConfigurationList = 59472DD826C29CD100670DA4 /* Build configuration list for PBXNativeTarget "challenge-pd-rickmortyTests" */;
			buildPhases = (
				B2AB696BCD99F179A9B16DDE /* [CP] Check Pods Manifest.lock */,
				59472DBD26C29CD100670DA4 /* Sources */,
				59472DBE26C29CD100670DA4 /* Frameworks */,
				59472DBF26C29CD100670DA4 /* Resources */,
			);
			buildRules = (
			);
			dependencies = (
				59472DC326C29CD100670DA4 /* PBXTargetDependency */,
			);
			name = "challenge-pd-rickmortyTests";
			productName = "challenge-pd-rickmortyTests";
			productReference = 59472DC126C29CD100670DA4 /* challenge-pd-rickmortyTests.xctest */;
			productType = "com.apple.product-type.bundle.unit-test";
		};
		59472DCB26C29CD100670DA4 /* challenge-pd-rickmortyUITests */ = {
			isa = PBXNativeTarget;
			buildConfigurationList = 59472DDB26C29CD100670DA4 /* Build configuration list for PBXNativeTarget "challenge-pd-rickmortyUITests" */;
			buildPhases = (
				705C19D96CFE85189958C31B /* [CP] Check Pods Manifest.lock */,
				59472DC826C29CD100670DA4 /* Sources */,
				59472DC926C29CD100670DA4 /* Frameworks */,
				59472DCA26C29CD100670DA4 /* Resources */,
				8997CB3AB16D122D4121496C /* [CP] Embed Pods Frameworks */,
			);
			buildRules = (
			);
			dependencies = (
				59472DCE26C29CD100670DA4 /* PBXTargetDependency */,
			);
			name = "challenge-pd-rickmortyUITests";
			productName = "challenge-pd-rickmortyUITests";
			productReference = 59472DCC26C29CD100670DA4 /* challenge-pd-rickmortyUITests.xctest */;
			productType = "com.apple.product-type.bundle.ui-testing";
		};
/* End PBXNativeTarget section */

/* Begin PBXProject section */
		59472DA326C29CCB00670DA4 /* Project object */ = {
			isa = PBXProject;
			attributes = {
				LastSwiftUpdateCheck = 1250;
				LastUpgradeCheck = 1250;
				TargetAttributes = {
					59472DAA26C29CCC00670DA4 = {
						CreatedOnToolsVersion = 12.5.1;
					};
					59472DC026C29CD100670DA4 = {
						CreatedOnToolsVersion = 12.5.1;
						TestTargetID = 59472DAA26C29CCC00670DA4;
					};
					59472DCB26C29CD100670DA4 = {
						CreatedOnToolsVersion = 12.5.1;
						TestTargetID = 59472DAA26C29CCC00670DA4;
					};
				};
			};
			buildConfigurationList = 59472DA626C29CCB00670DA4 /* Build configuration list for PBXProject "challenge-pd-rickmorty" */;
			compatibilityVersion = "Xcode 9.3";
			developmentRegion = en;
			hasScannedForEncodings = 0;
			knownRegions = (
				en,
				Base,
			);
			mainGroup = 59472DA226C29CCB00670DA4;
			productRefGroup = 59472DAC26C29CCC00670DA4 /* Products */;
			projectDirPath = "";
			projectRoot = "";
			targets = (
				59472DAA26C29CCC00670DA4 /* challenge-pd-rickmorty */,
				59472DC026C29CD100670DA4 /* challenge-pd-rickmortyTests */,
				59472DCB26C29CD100670DA4 /* challenge-pd-rickmortyUITests */,
			);
		};
/* End PBXProject section */

/* Begin PBXResourcesBuildPhase section */
		59472DA926C29CCC00670DA4 /* Resources */ = {
			isa = PBXResourcesBuildPhase;
			buildActionMask = 2147483647;
			files = (
				59472DBB26C29CD000670DA4 /* LaunchScreen.storyboard in Resources */,
				59472DB826C29CD000670DA4 /* Assets.xcassets in Resources */,
				59472DB626C29CCC00670DA4 /* Main.storyboard in Resources */,
			);
			runOnlyForDeploymentPostprocessing = 0;
		};
		59472DBF26C29CD100670DA4 /* Resources */ = {
			isa = PBXResourcesBuildPhase;
			buildActionMask = 2147483647;
			files = (
			);
			runOnlyForDeploymentPostprocessing = 0;
		};
		59472DCA26C29CD100670DA4 /* Resources */ = {
			isa = PBXResourcesBuildPhase;
			buildActionMask = 2147483647;
			files = (
			);
			runOnlyForDeploymentPostprocessing = 0;
		};
/* End PBXResourcesBuildPhase section */

/* Begin PBXShellScriptBuildPhase section */
		4842CCE58C9FFC1894E11C3C /* [CP] Embed Pods Frameworks */ = {
			isa = PBXShellScriptBuildPhase;
			buildActionMask = 2147483647;
			files = (
			);
			inputFileListPaths = (
				"${PODS_ROOT}/Target Support Files/Pods-challenge-pd-rickmorty/Pods-challenge-pd-rickmorty-frameworks-${CONFIGURATION}-input-files.xcfilelist",
			);
			name = "[CP] Embed Pods Frameworks";
			outputFileListPaths = (
				"${PODS_ROOT}/Target Support Files/Pods-challenge-pd-rickmorty/Pods-challenge-pd-rickmorty-frameworks-${CONFIGURATION}-output-files.xcfilelist",
			);
			runOnlyForDeploymentPostprocessing = 0;
			shellPath = /bin/sh;
			shellScript = "\"${PODS_ROOT}/Target Support Files/Pods-challenge-pd-rickmorty/Pods-challenge-pd-rickmorty-frameworks.sh\"\n";
			showEnvVarsInLog = 0;
		};
		59472DDE26C29D5200670DA4 /* Lint Code */ = {
			isa = PBXShellScriptBuildPhase;
			buildActionMask = 2147483647;
			files = (
			);
			inputFileListPaths = (
			);
			inputPaths = (
			);
			name = "Lint Code";
			outputFileListPaths = (
			);
			outputPaths = (
			);
			runOnlyForDeploymentPostprocessing = 0;
			shellPath = /bin/sh;
			shellScript = "# Type a script or drag a script file from your workspace to insert its path.\nif ! which swiftlint &> /dev/null; then\n  echo \"warning: Swiftlint is not installed. Visit https://github.com/realm/SwiftLint for more information.\"\n  exit 1\nfi\nRULES=\"${PROJECT_DIR}/swiftlint-rules.yml\"\nif [ ! -f $RULES]; then\n  echo \"warning: You don't have any lint configuration. Visit https://github.com/raywenderlich/swift-style-guide for more information.\"\n  exit 1\nfi\nswiftlint --no-cache --config \"$RULES\"\n";
		};
		59472DDF26C29EC200670DA4 /* Increase Build Number */ = {
			isa = PBXShellScriptBuildPhase;
			buildActionMask = 2147483647;
			files = (
			);
			inputFileListPaths = (
			);
			inputPaths = (
			);
			name = "Increase Build Number";
			outputFileListPaths = (
			);
			outputPaths = (
			);
			runOnlyForDeploymentPostprocessing = 0;
			shellPath = /bin/sh;
			shellScript = "# Type a script or drag a script file from your workspace to insert its path.\nbuildNumber=$(/usr/libexec/PlistBuddy -c \"Print CFBundleVersion\" \"${PROJECT_DIR}/${INFOPLIST_FILE}\")\nbuildNumber=$(($buildNumber + 1))\n/usr/libexec/PlistBuddy -c \"Set :CFBundleVersion $buildNumber\" \"${PROJECT_DIR}/${INFOPLIST_FILE}\"\n";
		};
		705C19D96CFE85189958C31B /* [CP] Check Pods Manifest.lock */ = {
			isa = PBXShellScriptBuildPhase;
			buildActionMask = 2147483647;
			files = (
			);
			inputFileListPaths = (
			);
			inputPaths = (
				"${PODS_PODFILE_DIR_PATH}/Podfile.lock",
				"${PODS_ROOT}/Manifest.lock",
			);
			name = "[CP] Check Pods Manifest.lock";
			outputFileListPaths = (
			);
			outputPaths = (
				"$(DERIVED_FILE_DIR)/Pods-challenge-pd-rickmorty-challenge-pd-rickmortyUITests-checkManifestLockResult.txt",
			);
			runOnlyForDeploymentPostprocessing = 0;
			shellPath = /bin/sh;
			shellScript = "diff \"${PODS_PODFILE_DIR_PATH}/Podfile.lock\" \"${PODS_ROOT}/Manifest.lock\" > /dev/null\nif [ $? != 0 ] ; then\n    # print error to STDERR\n    echo \"error: The sandbox is not in sync with the Podfile.lock. Run 'pod install' or update your CocoaPods installation.\" >&2\n    exit 1\nfi\n# This output is used by Xcode 'outputs' to avoid re-running this script phase.\necho \"SUCCESS\" > \"${SCRIPT_OUTPUT_FILE_0}\"\n";
			showEnvVarsInLog = 0;
		};
		8997CB3AB16D122D4121496C /* [CP] Embed Pods Frameworks */ = {
			isa = PBXShellScriptBuildPhase;
			buildActionMask = 2147483647;
			files = (
			);
			inputFileListPaths = (
				"${PODS_ROOT}/Target Support Files/Pods-challenge-pd-rickmorty-challenge-pd-rickmortyUITests/Pods-challenge-pd-rickmorty-challenge-pd-rickmortyUITests-frameworks-${CONFIGURATION}-input-files.xcfilelist",
			);
			name = "[CP] Embed Pods Frameworks";
			outputFileListPaths = (
				"${PODS_ROOT}/Target Support Files/Pods-challenge-pd-rickmorty-challenge-pd-rickmortyUITests/Pods-challenge-pd-rickmorty-challenge-pd-rickmortyUITests-frameworks-${CONFIGURATION}-output-files.xcfilelist",
			);
			runOnlyForDeploymentPostprocessing = 0;
			shellPath = /bin/sh;
			shellScript = "\"${PODS_ROOT}/Target Support Files/Pods-challenge-pd-rickmorty-challenge-pd-rickmortyUITests/Pods-challenge-pd-rickmorty-challenge-pd-rickmortyUITests-frameworks.sh\"\n";
			showEnvVarsInLog = 0;
		};
		B2AB696BCD99F179A9B16DDE /* [CP] Check Pods Manifest.lock */ = {
			isa = PBXShellScriptBuildPhase;
			buildActionMask = 2147483647;
			files = (
			);
			inputFileListPaths = (
			);
			inputPaths = (
				"${PODS_PODFILE_DIR_PATH}/Podfile.lock",
				"${PODS_ROOT}/Manifest.lock",
			);
			name = "[CP] Check Pods Manifest.lock";
			outputFileListPaths = (
			);
			outputPaths = (
				"$(DERIVED_FILE_DIR)/Pods-challenge-pd-rickmortyTests-checkManifestLockResult.txt",
			);
			runOnlyForDeploymentPostprocessing = 0;
			shellPath = /bin/sh;
			shellScript = "diff \"${PODS_PODFILE_DIR_PATH}/Podfile.lock\" \"${PODS_ROOT}/Manifest.lock\" > /dev/null\nif [ $? != 0 ] ; then\n    # print error to STDERR\n    echo \"error: The sandbox is not in sync with the Podfile.lock. Run 'pod install' or update your CocoaPods installation.\" >&2\n    exit 1\nfi\n# This output is used by Xcode 'outputs' to avoid re-running this script phase.\necho \"SUCCESS\" > \"${SCRIPT_OUTPUT_FILE_0}\"\n";
			showEnvVarsInLog = 0;
		};
		E61B6AEF8A7D5A1FCCC2322E /* [CP] Check Pods Manifest.lock */ = {
			isa = PBXShellScriptBuildPhase;
			buildActionMask = 2147483647;
			files = (
			);
			inputFileListPaths = (
			);
			inputPaths = (
				"${PODS_PODFILE_DIR_PATH}/Podfile.lock",
				"${PODS_ROOT}/Manifest.lock",
			);
			name = "[CP] Check Pods Manifest.lock";
			outputFileListPaths = (
			);
			outputPaths = (
				"$(DERIVED_FILE_DIR)/Pods-challenge-pd-rickmorty-checkManifestLockResult.txt",
			);
			runOnlyForDeploymentPostprocessing = 0;
			shellPath = /bin/sh;
			shellScript = "diff \"${PODS_PODFILE_DIR_PATH}/Podfile.lock\" \"${PODS_ROOT}/Manifest.lock\" > /dev/null\nif [ $? != 0 ] ; then\n    # print error to STDERR\n    echo \"error: The sandbox is not in sync with the Podfile.lock. Run 'pod install' or update your CocoaPods installation.\" >&2\n    exit 1\nfi\n# This output is used by Xcode 'outputs' to avoid re-running this script phase.\necho \"SUCCESS\" > \"${SCRIPT_OUTPUT_FILE_0}\"\n";
			showEnvVarsInLog = 0;
		};
/* End PBXShellScriptBuildPhase section */

/* Begin PBXSourcesBuildPhase section */
		59472DA726C29CCC00670DA4 /* Sources */ = {
			isa = PBXSourcesBuildPhase;
			buildActionMask = 2147483647;
			files = (
				597F209426C43944004F82AD /* AssetsAPIManager.swift in Sources */,
				59472DB326C29CCC00670DA4 /* CharactersViewController.swift in Sources */,
				597F209226C4352D004F82AD /* LocationAPIManager.swift in Sources */,
				59472DAF26C29CCC00670DA4 /* AppDelegate.swift in Sources */,
				597F209026C42522004F82AD /* CharacterAPIManager.swift in Sources */,
				597F209726C56687004F82AD /* CharacterCell.swift in Sources */,
				59472DE526C37F0F00670DA4 /* Location.swift in Sources */,
				597F209B26C573BC004F82AD /* CharactersPresenter.swift in Sources */,
				59472DB126C29CCC00670DA4 /* SceneDelegate.swift in Sources */,
				5926B58F26C6C36F00CD9349 /* Date.swift in Sources */,
				597F208E26C42482004F82AD /* APIManager.swift in Sources */,
				5926B58726C6296400CD9349 /* Alerts.swift in Sources */,
				59472DE226C37BA100670DA4 /* Character.swift in Sources */,
			);
			runOnlyForDeploymentPostprocessing = 0;
		};
		59472DBD26C29CD100670DA4 /* Sources */ = {
			isa = PBXSourcesBuildPhase;
			buildActionMask = 2147483647;
			files = (
				59472DC626C29CD100670DA4 /* CharacterUnitTest.swift in Sources */,
				59472DE626C37F0F00670DA4 /* Location.swift in Sources */,
				59472DE926C41C0C00670DA4 /* LocationUnitTest.swift in Sources */,
				59472DE326C37BA100670DA4 /* Character.swift in Sources */,
			);
			runOnlyForDeploymentPostprocessing = 0;
		};
		59472DC826C29CD100670DA4 /* Sources */ = {
			isa = PBXSourcesBuildPhase;
			buildActionMask = 2147483647;
			files = (
				59472DD126C29CD100670DA4 /* UIUnitTest.swift in Sources */,
			);
			runOnlyForDeploymentPostprocessing = 0;
		};
/* End PBXSourcesBuildPhase section */

/* Begin PBXTargetDependency section */
		59472DC326C29CD100670DA4 /* PBXTargetDependency */ = {
			isa = PBXTargetDependency;
			target = 59472DAA26C29CCC00670DA4 /* challenge-pd-rickmorty */;
			targetProxy = 59472DC226C29CD100670DA4 /* PBXContainerItemProxy */;
		};
		59472DCE26C29CD100670DA4 /* PBXTargetDependency */ = {
			isa = PBXTargetDependency;
			target = 59472DAA26C29CCC00670DA4 /* challenge-pd-rickmorty */;
			targetProxy = 59472DCD26C29CD100670DA4 /* PBXContainerItemProxy */;
		};
/* End PBXTargetDependency section */

/* Begin PBXVariantGroup section */
		59472DB426C29CCC00670DA4 /* Main.storyboard */ = {
			isa = PBXVariantGroup;
			children = (
				59472DB526C29CCC00670DA4 /* Base */,
			);
			name = Main.storyboard;
			sourceTree = "<group>";
		};
		59472DB926C29CD000670DA4 /* LaunchScreen.storyboard */ = {
			isa = PBXVariantGroup;
			children = (
				59472DBA26C29CD000670DA4 /* Base */,
			);
			name = LaunchScreen.storyboard;
			sourceTree = "<group>";
		};
/* End PBXVariantGroup section */

/* Begin XCBuildConfiguration section */
		59472DD326C29CD100670DA4 /* Debug */ = {
			isa = XCBuildConfiguration;
			buildSettings = {
				ALWAYS_EMBED_SWIFT_STANDARD_LIBRARIES = YES;
				ALWAYS_SEARCH_USER_PATHS = NO;
				CLANG_ANALYZER_NONNULL = YES;
				CLANG_ANALYZER_NUMBER_OBJECT_CONVERSION = YES_AGGRESSIVE;
				CLANG_CXX_LANGUAGE_STANDARD = "gnu++14";
				CLANG_CXX_LIBRARY = "libc++";
				CLANG_ENABLE_MODULES = YES;
				CLANG_ENABLE_OBJC_ARC = YES;
				CLANG_ENABLE_OBJC_WEAK = YES;
				CLANG_WARN_BLOCK_CAPTURE_AUTORELEASING = YES;
				CLANG_WARN_BOOL_CONVERSION = YES;
				CLANG_WARN_COMMA = YES;
				CLANG_WARN_CONSTANT_CONVERSION = YES;
				CLANG_WARN_DEPRECATED_OBJC_IMPLEMENTATIONS = YES;
				CLANG_WARN_DIRECT_OBJC_ISA_USAGE = YES_ERROR;
				CLANG_WARN_DOCUMENTATION_COMMENTS = YES;
				CLANG_WARN_EMPTY_BODY = YES;
				CLANG_WARN_ENUM_CONVERSION = YES;
				CLANG_WARN_INFINITE_RECURSION = YES;
				CLANG_WARN_INT_CONVERSION = YES;
				CLANG_WARN_NON_LITERAL_NULL_CONVERSION = YES;
				CLANG_WARN_OBJC_IMPLICIT_RETAIN_SELF = YES;
				CLANG_WARN_OBJC_LITERAL_CONVERSION = YES;
				CLANG_WARN_OBJC_ROOT_CLASS = YES_ERROR;
				CLANG_WARN_QUOTED_INCLUDE_IN_FRAMEWORK_HEADER = YES;
				CLANG_WARN_RANGE_LOOP_ANALYSIS = YES;
				CLANG_WARN_STRICT_PROTOTYPES = YES;
				CLANG_WARN_SUSPICIOUS_MOVE = YES;
				CLANG_WARN_UNGUARDED_AVAILABILITY = YES_AGGRESSIVE;
				CLANG_WARN_UNREACHABLE_CODE = YES;
				CLANG_WARN__DUPLICATE_METHOD_MATCH = YES;
				COPY_PHASE_STRIP = NO;
				DEBUG_INFORMATION_FORMAT = dwarf;
				ENABLE_STRICT_OBJC_MSGSEND = YES;
				ENABLE_TESTABILITY = YES;
				GCC_C_LANGUAGE_STANDARD = gnu11;
				GCC_DYNAMIC_NO_PIC = NO;
				GCC_NO_COMMON_BLOCKS = YES;
				GCC_OPTIMIZATION_LEVEL = 0;
				GCC_PREPROCESSOR_DEFINITIONS = (
					"DEBUG=1",
					"$(inherited)",
				);
				GCC_WARN_64_TO_32_BIT_CONVERSION = YES;
				GCC_WARN_ABOUT_RETURN_TYPE = YES_ERROR;
				GCC_WARN_UNDECLARED_SELECTOR = YES;
				GCC_WARN_UNINITIALIZED_AUTOS = YES_AGGRESSIVE;
				GCC_WARN_UNUSED_FUNCTION = YES;
				GCC_WARN_UNUSED_VARIABLE = YES;
				IPHONEOS_DEPLOYMENT_TARGET = 13.0;
				MTL_ENABLE_DEBUG_INFO = INCLUDE_SOURCE;
				MTL_FAST_MATH = YES;
				ONLY_ACTIVE_ARCH = YES;
				SDKROOT = iphoneos;
				SWIFT_ACTIVE_COMPILATION_CONDITIONS = DEBUG;
				SWIFT_OPTIMIZATION_LEVEL = "-Onone";
			};
			name = Debug;
		};
		59472DD426C29CD100670DA4 /* Release */ = {
			isa = XCBuildConfiguration;
			buildSettings = {
				ALWAYS_EMBED_SWIFT_STANDARD_LIBRARIES = YES;
				ALWAYS_SEARCH_USER_PATHS = NO;
				CLANG_ANALYZER_NONNULL = YES;
				CLANG_ANALYZER_NUMBER_OBJECT_CONVERSION = YES_AGGRESSIVE;
				CLANG_CXX_LANGUAGE_STANDARD = "gnu++14";
				CLANG_CXX_LIBRARY = "libc++";
				CLANG_ENABLE_MODULES = YES;
				CLANG_ENABLE_OBJC_ARC = YES;
				CLANG_ENABLE_OBJC_WEAK = YES;
				CLANG_WARN_BLOCK_CAPTURE_AUTORELEASING = YES;
				CLANG_WARN_BOOL_CONVERSION = YES;
				CLANG_WARN_COMMA = YES;
				CLANG_WARN_CONSTANT_CONVERSION = YES;
				CLANG_WARN_DEPRECATED_OBJC_IMPLEMENTATIONS = YES;
				CLANG_WARN_DIRECT_OBJC_ISA_USAGE = YES_ERROR;
				CLANG_WARN_DOCUMENTATION_COMMENTS = YES;
				CLANG_WARN_EMPTY_BODY = YES;
				CLANG_WARN_ENUM_CONVERSION = YES;
				CLANG_WARN_INFINITE_RECURSION = YES;
				CLANG_WARN_INT_CONVERSION = YES;
				CLANG_WARN_NON_LITERAL_NULL_CONVERSION = YES;
				CLANG_WARN_OBJC_IMPLICIT_RETAIN_SELF = YES;
				CLANG_WARN_OBJC_LITERAL_CONVERSION = YES;
				CLANG_WARN_OBJC_ROOT_CLASS = YES_ERROR;
				CLANG_WARN_QUOTED_INCLUDE_IN_FRAMEWORK_HEADER = YES;
				CLANG_WARN_RANGE_LOOP_ANALYSIS = YES;
				CLANG_WARN_STRICT_PROTOTYPES = YES;
				CLANG_WARN_SUSPICIOUS_MOVE = YES;
				CLANG_WARN_UNGUARDED_AVAILABILITY = YES_AGGRESSIVE;
				CLANG_WARN_UNREACHABLE_CODE = YES;
				CLANG_WARN__DUPLICATE_METHOD_MATCH = YES;
				COPY_PHASE_STRIP = NO;
				DEBUG_INFORMATION_FORMAT = "dwarf-with-dsym";
				ENABLE_NS_ASSERTIONS = NO;
				ENABLE_STRICT_OBJC_MSGSEND = YES;
				GCC_C_LANGUAGE_STANDARD = gnu11;
				GCC_NO_COMMON_BLOCKS = YES;
				GCC_WARN_64_TO_32_BIT_CONVERSION = YES;
				GCC_WARN_ABOUT_RETURN_TYPE = YES_ERROR;
				GCC_WARN_UNDECLARED_SELECTOR = YES;
				GCC_WARN_UNINITIALIZED_AUTOS = YES_AGGRESSIVE;
				GCC_WARN_UNUSED_FUNCTION = YES;
				GCC_WARN_UNUSED_VARIABLE = YES;
				IPHONEOS_DEPLOYMENT_TARGET = 13.0;
				MTL_ENABLE_DEBUG_INFO = NO;
				MTL_FAST_MATH = YES;
				SDKROOT = iphoneos;
				SWIFT_COMPILATION_MODE = wholemodule;
				SWIFT_OPTIMIZATION_LEVEL = "-O";
				VALIDATE_PRODUCT = YES;
			};
			name = Release;
		};
		59472DD626C29CD100670DA4 /* Debug */ = {
			isa = XCBuildConfiguration;
			baseConfigurationReference = 19D922D33D565EA30E1FC9A7 /* Pods-challenge-pd-rickmorty.debug.xcconfig */;
			buildSettings = {
				ALWAYS_EMBED_SWIFT_STANDARD_LIBRARIES = "$(inherited)";
				ASSETCATALOG_COMPILER_APPICON_NAME = AppIcon;
				ASSETCATALOG_COMPILER_GLOBAL_ACCENT_COLOR_NAME = AccentColor;
				CODE_SIGN_STYLE = Automatic;
				DEVELOPMENT_TEAM = RPU3Q63CJK;
				INFOPLIST_FILE = "challenge-pd-rickmorty/Info.plist";
				IPHONEOS_DEPLOYMENT_TARGET = 13.0;
				LD_RUNPATH_SEARCH_PATHS = (
					"$(inherited)",
					"@executable_path/Frameworks",
				);
				MARKETING_VERSION = 1.0.0;
				PRODUCT_BUNDLE_IDENTIFIER = "io.raaowx.challenge-pd-rickmorty";
				PRODUCT_NAME = "$(TARGET_NAME)";
				SWIFT_VERSION = 5.0;
				TARGETED_DEVICE_FAMILY = 1;
			};
			name = Debug;
		};
		59472DD726C29CD100670DA4 /* Release */ = {
			isa = XCBuildConfiguration;
			baseConfigurationReference = 25C98D0CEAF681D53239DB1C /* Pods-challenge-pd-rickmorty.release.xcconfig */;
			buildSettings = {
				ALWAYS_EMBED_SWIFT_STANDARD_LIBRARIES = "$(inherited)";
				ASSETCATALOG_COMPILER_APPICON_NAME = AppIcon;
				ASSETCATALOG_COMPILER_GLOBAL_ACCENT_COLOR_NAME = AccentColor;
				CODE_SIGN_STYLE = Automatic;
				DEVELOPMENT_TEAM = RPU3Q63CJK;
				INFOPLIST_FILE = "challenge-pd-rickmorty/Info.plist";
				IPHONEOS_DEPLOYMENT_TARGET = 13.0;
				LD_RUNPATH_SEARCH_PATHS = (
					"$(inherited)",
					"@executable_path/Frameworks",
				);
				MARKETING_VERSION = 1.0.0;
				PRODUCT_BUNDLE_IDENTIFIER = "io.raaowx.challenge-pd-rickmorty";
				PRODUCT_NAME = "$(TARGET_NAME)";
				SWIFT_VERSION = 5.0;
				TARGETED_DEVICE_FAMILY = 1;
			};
			name = Release;
		};
		59472DD926C29CD100670DA4 /* Debug */ = {
			isa = XCBuildConfiguration;
			baseConfigurationReference = 334ECCBE7A95E9E31510B886 /* Pods-challenge-pd-rickmortyTests.debug.xcconfig */;
			buildSettings = {
				ALWAYS_EMBED_SWIFT_STANDARD_LIBRARIES = "$(inherited)";
				BUNDLE_LOADER = "$(TEST_HOST)";
				CODE_SIGN_STYLE = Automatic;
				DEVELOPMENT_TEAM = RPU3Q63CJK;
				INFOPLIST_FILE = "challenge-pd-rickmortyTests/Info.plist";
				IPHONEOS_DEPLOYMENT_TARGET = 14.5;
				LD_RUNPATH_SEARCH_PATHS = (
					"$(inherited)",
					"@executable_path/Frameworks",
					"@loader_path/Frameworks",
				);
				PRODUCT_BUNDLE_IDENTIFIER = "io.raaowx.challenge-pd-rickmortyTests";
				PRODUCT_NAME = "$(TARGET_NAME)";
				SWIFT_VERSION = 5.0;
				TARGETED_DEVICE_FAMILY = "1,2";
				TEST_HOST = "$(BUILT_PRODUCTS_DIR)/challenge-pd-rickmorty.app/challenge-pd-rickmorty";
			};
			name = Debug;
		};
		59472DDA26C29CD100670DA4 /* Release */ = {
			isa = XCBuildConfiguration;
			baseConfigurationReference = DE78D61B2B25AC565FB62ED2 /* Pods-challenge-pd-rickmortyTests.release.xcconfig */;
			buildSettings = {
				ALWAYS_EMBED_SWIFT_STANDARD_LIBRARIES = "$(inherited)";
				BUNDLE_LOADER = "$(TEST_HOST)";
				CODE_SIGN_STYLE = Automatic;
				DEVELOPMENT_TEAM = RPU3Q63CJK;
				INFOPLIST_FILE = "challenge-pd-rickmortyTests/Info.plist";
				IPHONEOS_DEPLOYMENT_TARGET = 14.5;
				LD_RUNPATH_SEARCH_PATHS = (
					"$(inherited)",
					"@executable_path/Frameworks",
					"@loader_path/Frameworks",
				);
				PRODUCT_BUNDLE_IDENTIFIER = "io.raaowx.challenge-pd-rickmortyTests";
				PRODUCT_NAME = "$(TARGET_NAME)";
				SWIFT_VERSION = 5.0;
				TARGETED_DEVICE_FAMILY = "1,2";
				TEST_HOST = "$(BUILT_PRODUCTS_DIR)/challenge-pd-rickmorty.app/challenge-pd-rickmorty";
			};
			name = Release;
		};
		59472DDC26C29CD100670DA4 /* Debug */ = {
			isa = XCBuildConfiguration;
			baseConfigurationReference = 9D4C6EB601220EADA6AC734D /* Pods-challenge-pd-rickmorty-challenge-pd-rickmortyUITests.debug.xcconfig */;
			buildSettings = {
				ALWAYS_EMBED_SWIFT_STANDARD_LIBRARIES = "$(inherited)";
				CODE_SIGN_STYLE = Automatic;
				DEVELOPMENT_TEAM = RPU3Q63CJK;
				INFOPLIST_FILE = "challenge-pd-rickmortyUITests/Info.plist";
				LD_RUNPATH_SEARCH_PATHS = (
					"$(inherited)",
					"@executable_path/Frameworks",
					"@loader_path/Frameworks",
				);
				PRODUCT_BUNDLE_IDENTIFIER = "io.raaowx.challenge-pd-rickmortyUITests";
				PRODUCT_NAME = "$(TARGET_NAME)";
				SWIFT_VERSION = 5.0;
				TARGETED_DEVICE_FAMILY = "1,2";
				TEST_TARGET_NAME = "challenge-pd-rickmorty";
			};
			name = Debug;
		};
		59472DDD26C29CD100670DA4 /* Release */ = {
			isa = XCBuildConfiguration;
			baseConfigurationReference = 015F2003A20BFA741F1DC070 /* Pods-challenge-pd-rickmorty-challenge-pd-rickmortyUITests.release.xcconfig */;
			buildSettings = {
				ALWAYS_EMBED_SWIFT_STANDARD_LIBRARIES = "$(inherited)";
				CODE_SIGN_STYLE = Automatic;
				DEVELOPMENT_TEAM = RPU3Q63CJK;
				INFOPLIST_FILE = "challenge-pd-rickmortyUITests/Info.plist";
				LD_RUNPATH_SEARCH_PATHS = (
					"$(inherited)",
					"@executable_path/Frameworks",
					"@loader_path/Frameworks",
				);
				PRODUCT_BUNDLE_IDENTIFIER = "io.raaowx.challenge-pd-rickmortyUITests";
				PRODUCT_NAME = "$(TARGET_NAME)";
				SWIFT_VERSION = 5.0;
				TARGETED_DEVICE_FAMILY = "1,2";
				TEST_TARGET_NAME = "challenge-pd-rickmorty";
			};
			name = Release;
		};
/* End XCBuildConfiguration section */

/* Begin XCConfigurationList section */
		59472DA626C29CCB00670DA4 /* Build configuration list for PBXProject "challenge-pd-rickmorty" */ = {
			isa = XCConfigurationList;
			buildConfigurations = (
				59472DD326C29CD100670DA4 /* Debug */,
				59472DD426C29CD100670DA4 /* Release */,
			);
			defaultConfigurationIsVisible = 0;
			defaultConfigurationName = Release;
		};
		59472DD526C29CD100670DA4 /* Build configuration list for PBXNativeTarget "challenge-pd-rickmorty" */ = {
			isa = XCConfigurationList;
			buildConfigurations = (
				59472DD626C29CD100670DA4 /* Debug */,
				59472DD726C29CD100670DA4 /* Release */,
			);
			defaultConfigurationIsVisible = 0;
			defaultConfigurationName = Release;
		};
		59472DD826C29CD100670DA4 /* Build configuration list for PBXNativeTarget "challenge-pd-rickmortyTests" */ = {
			isa = XCConfigurationList;
			buildConfigurations = (
				59472DD926C29CD100670DA4 /* Debug */,
				59472DDA26C29CD100670DA4 /* Release */,
			);
			defaultConfigurationIsVisible = 0;
			defaultConfigurationName = Release;
		};
		59472DDB26C29CD100670DA4 /* Build configuration list for PBXNativeTarget "challenge-pd-rickmortyUITests" */ = {
			isa = XCConfigurationList;
			buildConfigurations = (
				59472DDC26C29CD100670DA4 /* Debug */,
				59472DDD26C29CD100670DA4 /* Release */,
			);
			defaultConfigurationIsVisible = 0;
			defaultConfigurationName = Release;
		};
/* End XCConfigurationList section */
	};
	rootObject = 59472DA326C29CCB00670DA4 /* Project object */;
}
